
Microsoft Visual Studio Solution File, Format Version 12.00
# Visual Studio Version 16
VisualStudioVersion = 16.0.30309.148
MinimumVisualStudioVersion = 10.0.40219.1
Project("{FAE04EC0-301F-11D3-BF4B-00C04F79EFBC}") = "SportsMeetingManageSystem", "SportsMeetingManageSystem\SportsMeetingManageSystem.csproj", "{260FBD30-FCCF-472C-ACAE-111C4F066D0C}"
EndProject
Global
	GlobalSection(SolutionConfigurationPlatforms) = preSolution
		Debug|Any CPU = Debug|Any CPU
		Release|Any CPU = Release|Any CPU
	EndGlobalSection
	GlobalSection(ProjectConfigurationPlatforms) = postSolution
		{260FBD30-FCCF-472C-ACAE-111C4F066D0C}.Debug|Any CPU.ActiveCfg = Debug|Any CPU
		{260FBD30-FCCF-472C-ACAE-111C4F066D0C}.Debug|Any CPU.Build.0 = Debug|Any CPU
		{260FBD30-FCCF-472C-ACAE-111C4F066D0C}.Release|Any CPU.ActiveCfg = Release|Any CPU
		{260FBD30-FCCF-472C-ACAE-111C4F066D0C}.Release|Any CPU.Build.0 = Release|Any CPU
	EndGlobalSection
	GlobalSection(SolutionProperties) = preSolution
		HideSolutionNode = FALSE
	EndGlobalSection
	GlobalSection(ExtensibilityGlobals) = postSolution
		SolutionGuid = {16D81F0E-7FE1-4F17-94F2-B71B1172AE64}
	EndGlobalSection
EndGlobal
